
Microsoft Visual Studio Solution File, Format Version 12.00
# Visual Studio 2012
Project("{FAE04EC0-301F-11D3-BF4B-00C04F79EFBC}") = "GameDevDemo", "GameDevDemo\GameDevDemo.csproj", "{481A13C6-9068-47B4-92E1-D8FD90E06FAB}"
EndProject
Global
	GlobalSection(SolutionConfigurationPlatforms) = preSolution
		Debug|x86 = Debug|x86
		Release|x86 = Release|x86
	EndGlobalSection
	GlobalSection(ProjectConfigurationPlatforms) = postSolution
		{481A13C6-9068-47B4-92E1-D8FD90E06FAB}.Debug|x86.ActiveCfg = Debug|x86
		{481A13C6-9068-47B4-92E1-D8FD90E06FAB}.Debug|x86.Build.0 = Debug|x86
		{481A13C6-9068-47B4-92E1-D8FD90E06FAB}.Release|x86.ActiveCfg = Release|x86
		{481A13C6-9068-47B4-92E1-D8FD90E06FAB}.Release|x86.Build.0 = Release|x86
	EndGlobalSection
EndGlobal
